
Microsoft Visual Studio Solution File, Format Version 12.00
# Visual Studio Version 16
VisualStudioVersion = 16.0.30717.126
MinimumVisualStudioVersion = 10.0.40219.1
Project("{FAE04EC0-301F-11D3-BF4B-00C04F79EFBC}") = "MintIce", "MintIce\MintIce.csproj", "{08683436-2884-4A38-8B47-EF8775E05710}"
EndProject
Global
	GlobalSection(SolutionConfigurationPlatforms) = preSolution
		Debug|Any CPU = Debug|Any CPU
		Release|Any CPU = Release|Any CPU
	EndGlobalSection
	GlobalSection(ProjectConfigurationPlatforms) = postSolution
		{08683436-2884-4A38-8B47-EF8775E05710}.Debug|Any CPU.ActiveCfg = Debug|Any CPU
		{08683436-2884-4A38-8B47-EF8775E05710}.Debug|Any CPU.Build.0 = Debug|Any CPU
		{08683436-2884-4A38-8B47-EF8775E05710}.Release|Any CPU.ActiveCfg = Release|Any CPU
		{08683436-2884-4A38-8B47-EF8775E05710}.Release|Any CPU.Build.0 = Release|Any CPU
	EndGlobalSection
	GlobalSection(SolutionProperties) = preSolution
		HideSolutionNode = FALSE
	EndGlobalSection
	GlobalSection(ExtensibilityGlobals) = postSolution
		SolutionGuid = {2F07E7B2-24EE-4E7B-A057-63CC9C960EA3}
	EndGlobalSection
EndGlobal
